{
  "name": "nextjs-blog",
  "lockfileVersion": 3,
  "requires": true,
  "packages": {
    "": {
      "dependencies": {
        "next": "latest",
        "react": "18.2.0",
        "react-dom": "18.2.0"
      }
    },
    "node_modules/@next/env": {
      "version": "13.4.12",
      "resolved": "http://registry.npm.release.ctripcorp.com/@next/env/download/@next/env-13.4.12.tgz",
      "integrity": "sha1-C4gRWrgX8Xi/ncDF57NnJ3WVtY0=",
      "license": "MIT"
    },
    "node_modules/@next/swc-darwin-arm64": {
      "version": "13.4.12",
      "resolved": "http://registry.npm.release.ctripcorp.com/@next/swc-darwin-arm64/download/@next/swc-darwin-arm64-13.4.12.tgz",
      "integrity": "sha1-MmyDCxEd6KGlGsDLw7yxV8TE+Sw=",
      "cpu": [
        "arm64"
      ],
      "license": "MIT",
      "optional": true,
      "os": [
        "darwin"
      ],
      "engines": {
        "node": ">= 10"
      }
    },
    "node_modules/@next/swc-darwin-x64": {
      "version": "13.4.12",
      "resolved": "http://registry.npm.release.ctripcorp.com/@next/swc-darwin-x64/download/@next/swc-darwin-x64-13.4.12.tgz",
      "integrity": "sha1-3VxJ/Akqj/5PMLeqm/bF0uQLv6E=",
      "cpu": [
        "x64"
      ],
      "license": "MIT",
      "optional": true,
      "os": [
        "darwin"
      ],
      "engines": {
        "node": ">= 10"
      }
    },
    "node_modules/@next/swc-linux-arm64-gnu": {
      "version": "13.4.12",
      "resolved": "http://registry.npm.release.ctripcorp.com/@next/swc-linux-arm64-gnu/download/@next/swc-linux-arm64-gnu-13.4.12.tgz",
      "integrity": "sha1-gWy+nSbORnDqmdlbZgQeSD7RItY=",
      "cpu": [
        "arm64"
      ],
      "license": "MIT",
      "optional": true,
      "os": [
        "linux"
      ],
      "engines": {
        "node": ">= 10"
      }
    },
    "node_modules/@next/swc-linux-arm64-musl": {
      "version": "13.4.12",
      "resolved": "http://registry.npm.release.ctripcorp.com/@next/swc-linux-arm64-musl/download/@next/swc-linux-arm64-musl-13.4.12.tgz",
      "integrity": "sha1-ZwyK7iIWKPZeWyme6E23RubHeLA=",
      "cpu": [
        "arm64"
      ],
      "license": "MIT",
      "optional": true,
      "os": [
        "linux"
      ],
      "engines": {
        "node": ">= 10"
      }
    },
    "node_modules/@next/swc-linux-x64-gnu": {
      "version": "13.4.12",
      "resolved": "http://registry.npm.release.ctripcorp.com/@next/swc-linux-x64-gnu/download/@next/swc-linux-x64-gnu-13.4.12.tgz",
      "integrity": "sha1-VMZOaJ8AeuRjaY3dwcZjdJHJnLQ=",
      "cpu": [
        "x64"
      ],
      "license": "MIT",
      "optional": true,
      "os": [
        "linux"
      ],
      "engines": {
        "node": ">= 10"
      }
    },
    "node_modules/@next/swc-linux-x64-musl": {
      "version": "13.4.12",
      "resolved": "http://registry.npm.release.ctripcorp.com/@next/swc-linux-x64-musl/download/@next/swc-linux-x64-musl-13.4.12.tgz",
      "integrity": "sha1-nL3fTlQu89MihODDbOEC+swBX4s=",
      "cpu": [
        "x64"
      ],
      "license": "MIT",
      "optional": true,
      "os": [
        "linux"
      ],
      "engines": {
        "node": ">= 10"
      }
    },
    "node_modules/@next/swc-win32-arm64-msvc": {
      "version": "13.4.12",
      "resolved": "http://registry.npm.release.ctripcorp.com/@next/swc-win32-arm64-msvc/download/@next/swc-win32-arm64-msvc-13.4.12.tgz",
      "integrity": "sha1-NGekslQpzPSf1BY4jJ0ZyApPZGU=",
      "cpu": [
        "arm64"
      ],
      "license": "MIT",
      "optional": true,
      "os": [
        "win32"
      ],
      "engines": {
        "node": ">= 10"
      }
    },
    "node_modules/@next/swc-win32-ia32-msvc": {
      "version": "13.4.12",
      "resolved": "http://registry.npm.release.ctripcorp.com/@next/swc-win32-ia32-msvc/download/@next/swc-win32-ia32-msvc-13.4.12.tgz",
      "integrity": "sha1-c0lM0WcZGUaDPGgLKNakJDXTg6g=",
      "cpu": [
        "ia32"
      ],
      "license": "MIT",
      "optional": true,
      "os": [
        "win32"
      ],
      "engines": {
        "node": ">= 10"
      }
    },
    "node_modules/@next/swc-win32-x64-msvc": {
      "version": "13.4.12",
      "resolved": "http://registry.npm.release.ctripcorp.com/@next/swc-win32-x64-msvc/download/@next/swc-win32-x64-msvc-13.4.12.tgz",
      "integrity": "sha1-Skl+3E6MXuPD6yfPDrOd+t/3CHQ=",
      "cpu": [
        "x64"
      ],
      "license": "MIT",
      "optional": true,
      "os": [
        "win32"
      ],
      "engines": {
        "node": ">= 10"
      }
    },
    "node_modules/@swc/helpers": {
      "version": "0.5.1",
      "resolved": "http://registry.npm.release.ctripcorp.com/@swc/helpers/download/@swc/helpers-0.5.1.tgz",
      "integrity": "sha1-6QMUkao/Jr/Ml0pn9IvUVsilNXo=",
      "license": "Apache-2.0",
      "dependencies": {
        "tslib": "^2.4.0"
      }
    },
    "node_modules/busboy": {
      "version": "1.6.0",
      "resolved": "http://registry.npm.release.ctripcorp.com/busboy/download/busboy-1.6.0.tgz",
      "integrity": "sha1-lm6japUC5DzbkUaWJSO5L1MfaJM=",
      "dependencies": {
        "streamsearch": "^1.1.0"
      },
      "engines": {
        "node": ">=10.16.0"
      }
    },
    "node_modules/caniuse-lite": {
      "version": "1.0.30001517",
      "resolved": "http://registry.npm.release.ctripcorp.com/caniuse-lite/download/caniuse-lite-1.0.30001517.tgz",
      "integrity": "sha1-kPq64pQhXDSVgH6yT8gJ4R3C8Kg=",
      "funding": [
        {
          "type": "opencollective",
          "url": "https://opencollective.com/browserslist"
        },
        {
          "type": "tidelift",
          "url": "https://tidelift.com/funding/github/npm/caniuse-lite"
        },
        {
          "type": "github",
          "url": "https://github.com/sponsors/ai"
        }
      ],
      "license": "CC-BY-4.0"
    },
    "node_modules/client-only": {
      "version": "0.0.1",
      "resolved": "http://registry.npm.release.ctripcorp.com/client-only/download/client-only-0.0.1.tgz",
      "integrity": "sha1-OLul1APEGrFQv/ZKlchQE89zvKE=",
      "license": "MIT"
    },
    "node_modules/glob-to-regexp": {
      "version": "0.4.1",
      "resolved": "http://registry.npm.release.ctripcorp.com/glob-to-regexp/download/glob-to-regexp-0.4.1.tgz",
      "integrity": "sha1-x1KXCHyFG5pXi9IX3VmpL1n+VG4=",
      "license": "BSD-2-Clause"
    },
    "node_modules/graceful-fs": {
      "version": "4.2.11",
      "resolved": "http://registry.npm.release.ctripcorp.com/graceful-fs/download/graceful-fs-4.2.11.tgz",
      "integrity": "sha1-QYPk6L8Iu24Fu7L30uDI9xLKQOM=",
      "license": "ISC"
    },
    "node_modules/js-tokens": {
      "version": "4.0.0",
      "resolved": "http://registry.npm.release.ctripcorp.com/js-tokens/download/js-tokens-4.0.0.tgz",
      "integrity": "sha1-GSA/tZmR35jjoocFDUZHzerzJJk=",
      "license": "MIT"
    },
    "node_modules/loose-envify": {
      "version": "1.4.0",
      "resolved": "http://registry.npm.release.ctripcorp.com/loose-envify/download/loose-envify-1.4.0.tgz",
      "integrity": "sha1-ce5R+nvkyuwaY4OffmgtgTLTDK8=",
      "license": "MIT",
      "dependencies": {
        "js-tokens": "^3.0.0 || ^4.0.0"
      },
      "bin": {
        "loose-envify": "cli.js"
      }
    },
    "node_modules/nanoid": {
      "version": "3.3.6",
      "resolved": "http://registry.npm.release.ctripcorp.com/nanoid/download/nanoid-3.3.6.tgz",
      "integrity": "sha1-RDOAyFbW6fmCQmfZYLQjatWD6kw=",
      "funding": [
        {
          "type": "github",
          "url": "https://github.com/sponsors/ai"
        }
      ],
      "license": "MIT",
      "bin": {
        "nanoid": "bin/nanoid.cjs"
      },
      "engines": {
        "node": "^10 || ^12 || ^13.7 || ^14 || >=15.0.1"
      }
    },
    "node_modules/next": {
      "version": "13.4.12",
      "resolved": "http://registry.npm.release.ctripcorp.com/next/download/next-13.4.12.tgz",
      "integrity": "sha1-gJsh6gqrvojO1TJSyIxKW9Wvld8=",
      "license": "MIT",
      "dependencies": {
        "@next/env": "13.4.12",
        "@swc/helpers": "0.5.1",
        "busboy": "1.6.0",
        "caniuse-lite": "^1.0.30001406",
        "postcss": "8.4.14",
        "styled-jsx": "5.1.1",
        "watchpack": "2.4.0",
        "zod": "3.21.4"
      },
      "bin": {
        "next": "dist/bin/next"
      },
      "engines": {
        "node": ">=16.8.0"
      },
      "optionalDependencies": {
        "@next/swc-darwin-arm64": "13.4.12",
        "@next/swc-darwin-x64": "13.4.12",
        "@next/swc-linux-arm64-gnu": "13.4.12",
        "@next/swc-linux-arm64-musl": "13.4.12",
        "@next/swc-linux-x64-gnu": "13.4.12",
        "@next/swc-linux-x64-musl": "13.4.12",
        "@next/swc-win32-arm64-msvc": "13.4.12",
        "@next/swc-win32-ia32-msvc": "13.4.12",
        "@next/swc-win32-x64-msvc": "13.4.12"
      },
      "peerDependencies": {
        "@opentelemetry/api": "^1.1.0",
        "fibers": ">= 3.1.0",
        "react": "^18.2.0",
        "react-dom": "^18.2.0",
        "sass": "^1.3.0"
      },
      "peerDependenciesMeta": {
        "@opentelemetry/api": {
          "optional": true
        },
        "fibers": {
          "optional": true
        },
        "sass": {
          "optional": true
        }
      }
    },
    "node_modules/picocolors": {
      "version": "1.0.0",
      "resolved": "http://registry.npm.release.ctripcorp.com/picocolors/download/picocolors-1.0.0.tgz",
      "integrity": "sha1-y1vcdP8/UYkiNur3nWi8RFZKuBw=",
      "license": "ISC"
    },
    "node_modules/postcss": {
      "version": "8.4.14",
      "resolved": "http://registry.npm.release.ctripcorp.com/postcss/download/postcss-8.4.14.tgz",
      "integrity": "sha1-7pJ01WIrSFjBAHp0125C5W/SHK8=",
      "funding": [
        {
          "type": "opencollective",
          "url": "https://opencollective.com/postcss/"
        },
        {
          "type": "tidelift",
          "url": "https://tidelift.com/funding/github/npm/postcss"
        }
      ],
      "license": "MIT",
      "dependencies": {
        "nanoid": "^3.3.4",
        "picocolors": "^1.0.0",
        "source-map-js": "^1.0.2"
      },
      "engines": {
        "node": "^10 || ^12 || >=14"
      }
    },
    "node_modules/react": {
      "version": "18.2.0",
      "resolved": "http://registry.npm.release.ctripcorp.com/react/download/react-18.2.0.tgz",
      "integrity": "sha1-VVvZhZKIMlX6AN4U8RUakXtdd9U=",
      "license": "MIT",
      "dependencies": {
        "loose-envify": "^1.1.0"
      },
      "engines": {
        "node": ">=0.10.0"
      }
    },
    "node_modules/react-dom": {
      "version": "18.2.0",
      "resolved": "http://registry.npm.release.ctripcorp.com/react-dom/download/react-dom-18.2.0.tgz",
      "integrity": "sha1-IqrzhwjbJnTtmtoiTKSqcI2CHj0=",
      "license": "MIT",
      "dependencies": {
        "loose-envify": "^1.1.0",
        "scheduler": "^0.23.0"
      },
      "peerDependencies": {
        "react": "^18.2.0"
      }
    },
    "node_modules/scheduler": {
      "version": "0.23.0",
      "resolved": "http://registry.npm.release.ctripcorp.com/scheduler/download/scheduler-0.23.0.tgz",
      "integrity": "sha1-uoBBr8PTDrIGpIe2s4QALk5h/f4=",
      "license": "MIT",
      "dependencies": {
        "loose-envify": "^1.1.0"
      }
    },
    "node_modules/source-map-js": {
      "version": "1.0.2",
      "resolved": "http://registry.npm.release.ctripcorp.com/source-map-js/download/source-map-js-1.0.2.tgz",
      "integrity": "sha1-rbw2HZxi3zgBJefxYfccgm8eSQw=",
      "license": "BSD-3-Clause",
      "engines": {
        "node": ">=0.10.0"
      }
    },
    "node_modules/streamsearch": {
      "version": "1.1.0",
      "resolved": "http://registry.npm.release.ctripcorp.com/streamsearch/download/streamsearch-1.1.0.tgz",
      "integrity": "sha1-QE3R4iR8qUr1VOhBqO8OqiONp2Q=",
      "engines": {
        "node": ">=10.0.0"
      }
    },
    "node_modules/styled-jsx": {
      "version": "5.1.1",
      "resolved": "http://registry.npm.release.ctripcorp.com/styled-jsx/download/styled-jsx-5.1.1.tgz",
      "integrity": "sha1-g5ocOqrMTnNf7QeBuGGepdAAnR8=",
      "license": "MIT",
      "dependencies": {
        "client-only": "0.0.1"
      },
      "engines": {
        "node": ">= 12.0.0"
      },
      "peerDependencies": {
        "react": ">= 16.8.0 || 17.x.x || ^18.0.0-0"
      },
      "peerDependenciesMeta": {
        "@babel/core": {
          "optional": true
        },
        "babel-plugin-macros": {
          "optional": true
        }
      }
    },
    "node_modules/tslib": {
      "version": "2.6.1",
      "resolved": "http://registry.npm.release.ctripcorp.com/tslib/download/tslib-2.6.1.tgz",
      "integrity": "sha1-/YyaD/QlkLJXA8Css949P07eBBA=",
      "license": "0BSD"
    },
    "node_modules/watchpack": {
      "version": "2.4.0",
      "resolved": "http://registry.npm.release.ctripcorp.com/watchpack/download/watchpack-2.4.0.tgz",
      "integrity": "sha1-+jMDI3SWLHgRP5PH8vtMVMmGKl0=",
      "license": "MIT",
      "dependencies": {
        "glob-to-regexp": "^0.4.1",
        "graceful-fs": "^4.1.2"
      },
      "engines": {
        "node": ">=10.13.0"
      }
    },
    "node_modules/zod": {
      "version": "3.21.4",
      "resolved": "http://registry.npm.release.ctripcorp.com/zod/download/zod-3.21.4.tgz",
      "integrity": "sha1-EIgiMdmSUZ8KELXdWKOMnau7ZNs=",
      "license": "MIT",
      "funding": {
        "url": "https://github.com/sponsors/colinhacks"
      }
    }
  }
}
